
Microsoft Visual Studio Solution File, Format Version 12.00
# Visual Studio Version 17
VisualStudioVersion = 17.9.34902.65
MinimumVisualStudioVersion = 10.0.40219.1
Project("{FAE04EC0-301F-11D3-BF4B-00C04F79EFBC}") = "AppClient", "AppClient\AppClient.csproj", "{FDADED0B-1671-4293-9628-CE933ACFDC36}"
EndProject
Project("{9A19103F-16F7-4668-BE54-9A1E7A4F7556}") = "AppServer", "AppServer\AppServer.csproj", "{95246AFE-774A-4C3A-9A35-676AEFA3954C}"
EndProject
Global
	GlobalSection(SolutionConfigurationPlatforms) = preSolution
		Debug|Any CPU = Debug|Any CPU
		Release|Any CPU = Release|Any CPU
	EndGlobalSection
	GlobalSection(ProjectConfigurationPlatforms) = postSolution
		{FDADED0B-1671-4293-9628-CE933ACFDC36}.Debug|Any CPU.ActiveCfg = Debug|Any CPU
		{FDADED0B-1671-4293-9628-CE933ACFDC36}.Debug|Any CPU.Build.0 = Debug|Any CPU
		{FDADED0B-1671-4293-9628-CE933ACFDC36}.Debug|Any CPU.Deploy.0 = Debug|Any CPU
		{FDADED0B-1671-4293-9628-CE933ACFDC36}.Release|Any CPU.ActiveCfg = Release|Any CPU
		{FDADED0B-1671-4293-9628-CE933ACFDC36}.Release|Any CPU.Build.0 = Release|Any CPU
		{FDADED0B-1671-4293-9628-CE933ACFDC36}.Release|Any CPU.Deploy.0 = Release|Any CPU
		{95246AFE-774A-4C3A-9A35-676AEFA3954C}.Debug|Any CPU.ActiveCfg = Debug|Any CPU
		{95246AFE-774A-4C3A-9A35-676AEFA3954C}.Debug|Any CPU.Build.0 = Debug|Any CPU
		{95246AFE-774A-4C3A-9A35-676AEFA3954C}.Release|Any CPU.ActiveCfg = Release|Any CPU
		{95246AFE-774A-4C3A-9A35-676AEFA3954C}.Release|Any CPU.Build.0 = Release|Any CPU
	EndGlobalSection
	GlobalSection(SolutionProperties) = preSolution
		HideSolutionNode = FALSE
	EndGlobalSection
	GlobalSection(ExtensibilityGlobals) = postSolution
		SolutionGuid = {D6379B8A-C7CA-460F-A66F-5A4C5D1F598B}
	EndGlobalSection
EndGlobal
